
Microsoft Visual Studio Solution File, Format Version 12.00
# Visual Studio 15
VisualStudioVersion = 15.0.26430.16
MinimumVisualStudioVersion = 10.0.40219.1
Project("{FAE04EC0-301F-11D3-BF4B-00C04F79EFBC}") = "Messager", "Messager\Messager.csproj", "{A2441957-3776-4BA1-9E1B-E9C173099084}"
EndProject
Project("{FAE04EC0-301F-11D3-BF4B-00C04F79EFBC}") = "Server", "Server\Server.csproj", "{2293EBF3-7079-477E-A179-CB7FA0B06C8E}"
EndProject
Global
	GlobalSection(SolutionConfigurationPlatforms) = preSolution
		Debug|Any CPU = Debug|Any CPU
		Release|Any CPU = Release|Any CPU
	EndGlobalSection
	GlobalSection(ProjectConfigurationPlatforms) = postSolution
		{A2441957-3776-4BA1-9E1B-E9C173099084}.Debug|Any CPU.ActiveCfg = Debug|Any CPU
		{A2441957-3776-4BA1-9E1B-E9C173099084}.Debug|Any CPU.Build.0 = Debug|Any CPU
		{A2441957-3776-4BA1-9E1B-E9C173099084}.Release|Any CPU.ActiveCfg = Release|Any CPU
		{A2441957-3776-4BA1-9E1B-E9C173099084}.Release|Any CPU.Build.0 = Release|Any CPU
		{2293EBF3-7079-477E-A179-CB7FA0B06C8E}.Debug|Any CPU.ActiveCfg = Debug|Any CPU
		{2293EBF3-7079-477E-A179-CB7FA0B06C8E}.Debug|Any CPU.Build.0 = Debug|Any CPU
		{2293EBF3-7079-477E-A179-CB7FA0B06C8E}.Release|Any CPU.ActiveCfg = Release|Any CPU
		{2293EBF3-7079-477E-A179-CB7FA0B06C8E}.Release|Any CPU.Build.0 = Release|Any CPU
	EndGlobalSection
	GlobalSection(SolutionProperties) = preSolution
		HideSolutionNode = FALSE
	EndGlobalSection
EndGlobal
